<?xml version="1.0" encoding="utf-8"?>
<Project ToolsVersion="4.0" xmlns="http://schemas.microsoft.com/developer/msbuild/2003">
  <ItemGroup>
    <Filter Include="Source Files">
      <UniqueIdentifier>{4FC737F1-C7A5-4376-A066-2A32D752A2FF}</UniqueIdentifier>
      <Extensions>cpp;c;cc;cxx;c++;cppm;ixx;def;odl;idl;hpj;bat;asm;asmx</Extensions>
    </Filter>
    <Filter Include="Header Files">
      <UniqueIdentifier>{93995380-89BD-4b04-88EB-625FBE52EBFB}</UniqueIdentifier>
      <Extensions>h;hh;hpp;hxx;h++;hm;inl;inc;ipp;xsd</Extensions>
    </Filter>
    <Filter Include="Resource Files">
      <UniqueIdentifier>{67DA6AB6-F800-4c08-8B7A-83BB121AAD01}</UniqueIdentifier>
      <Extensions>rc;ico;cur;bmp;dlg;rc2;rct;bin;rgs;gif;jpg;jpeg;jpe;resx;tiff;tif;png;wav;mfcribbon-ms</Extensions>
    </Filter>
  </ItemGroup>
  <ItemGroup>
    <ClCompile Include="src\example\Allocation.cpp">
      <Filter>Source Files</Filter>
    </ClCompile>
    <ClCompile Include="src\example\ArgumentEvaluationOrder.cpp">
      <Filter>Source Files</Filter>
    </ClCompile>
    <ClCompile Include="src\example\Arrays.cpp">
      <Filter>Source Files</Filter>
    </ClCompile>
    <ClCompile Include="src\example\Arrows.cpp">
      <Filter>Source Files</Filter>
    </ClCompile>
    <ClCompile Include="src\example\Auto.cpp">
      <Filter>Source Files</Filter>
    </ClCompile>
    <ClCompile Include="src\example\Benchmarking.cpp">
      <Filter>Source Files</Filter>
    </ClCompile>
    <ClCompile Include="src\example\Casting.cpp">
      <Filter>Source Files</Filter>
    </ClCompile>
    <ClCompile Include="src\example\Classes.cpp">
      <Filter>Source Files</Filter>
    </ClCompile>
    <ClCompile Include="src\example\ClassInterfaces.cpp">
      <Filter>Source Files</Filter>
    </ClCompile>
    <ClCompile Include="src\example\ConstructorDestructor.cpp">
      <Filter>Source Files</Filter>
    </ClCompile>
    <ClCompile Include="src\example\Copying.cpp">
      <Filter>Source Files</Filter>
    </ClCompile>
    <ClCompile Include="src\example\DataStructures.cpp">
      <Filter>Source Files</Filter>
    </ClCompile>
    <ClCompile Include="src\example\DataTypesSingleVariable.cpp">
      <Filter>Source Files</Filter>
    </ClCompile>
    <ClCompile Include="src\example\Enums.cpp">
      <Filter>Source Files</Filter>
    </ClCompile>
    <ClCompile Include="src\example\FunctionPointers.cpp">
      <Filter>Source Files</Filter>
    </ClCompile>
    <ClCompile Include="src\example\If.cpp">
      <Filter>Source Files</Filter>
    </ClCompile>
    <ClCompile Include="src\example\ImplicitExplicit.cpp">
      <Filter>Source Files</Filter>
    </ClCompile>
    <ClCompile Include="src\example\Inheritance.cpp">
      <Filter>Source Files</Filter>
    </ClCompile>
    <ClCompile Include="src\example\InitializerLists.cpp">
      <Filter>Source Files</Filter>
    </ClCompile>
    <ClCompile Include="src\example\Iterators.cpp">
      <Filter>Source Files</Filter>
    </ClCompile>
    <ClCompile Include="src\example\Lambdas.cpp">
      <Filter>Source Files</Filter>
    </ClCompile>
    <ClCompile Include="src\example\LRValues.cpp">
      <Filter>Source Files</Filter>
    </ClCompile>
    <ClCompile Include="src\example\Macros.cpp">
      <Filter>Source Files</Filter>
    </ClCompile>
    <ClCompile Include="src\example\MemoryAllocation.cpp">
      <Filter>Source Files</Filter>
    </ClCompile>
    <ClCompile Include="src\example\MoveSemantics.cpp">
      <Filter>Source Files</Filter>
    </ClCompile>
    <ClCompile Include="src\example\MultidimensionalArrays.cpp">
      <Filter>Source Files</Filter>
    </ClCompile>
    <ClCompile Include="src\example\Mutable.cpp">
      <Filter>Source Files</Filter>
    </ClCompile>
    <ClCompile Include="src\example\Namespaces.cpp">
      <Filter>Source Files</Filter>
    </ClCompile>
    <ClCompile Include="src\example\New.cpp">
      <Filter>Source Files</Filter>
    </ClCompile>
    <ClCompile Include="src\example\ObjectLifetime.cpp">
      <Filter>Source Files</Filter>
    </ClCompile>
    <ClCompile Include="src\example\Objects.cpp">
      <Filter>Source Files</Filter>
    </ClCompile>
    <ClCompile Include="src\example\Operators.cpp">
      <Filter>Source Files</Filter>
    </ClCompile>
    <ClCompile Include="src\example\Optionals.cpp">
      <Filter>Source Files</Filter>
    </ClCompile>
    <ClCompile Include="src\example\Performance.cpp">
      <Filter>Source Files</Filter>
    </ClCompile>
    <ClCompile Include="src\example\Pointers.cpp">
      <Filter>Source Files</Filter>
    </ClCompile>
    <ClCompile Include="src\example\References.cpp">
      <Filter>Source Files</Filter>
    </ClCompile>
    <ClCompile Include="src\example\Singletons.cpp">
      <Filter>Source Files</Filter>
    </ClCompile>
    <ClCompile Include="src\example\SmallStringOptimization.cpp">
      <Filter>Source Files</Filter>
    </ClCompile>
    <ClCompile Include="src\example\SmartPointers.cpp">
      <Filter>Source Files</Filter>
    </ClCompile>
    <ClCompile Include="src\example\Sorting.cpp">
      <Filter>Source Files</Filter>
    </ClCompile>
    <ClCompile Include="src\example\Static.cpp">
      <Filter>Source Files</Filter>
    </ClCompile>
    <ClCompile Include="src\example\StaticArrays.cpp">
      <Filter>Source Files</Filter>
    </ClCompile>
    <ClCompile Include="src\example\Strings.cpp">
      <Filter>Source Files</Filter>
    </ClCompile>
    <ClCompile Include="src\example\StructuredBindings.cpp">
      <Filter>Source Files</Filter>
    </ClCompile>
    <ClCompile Include="src\example\Templates.cpp">
      <Filter>Source Files</Filter>
    </ClCompile>
    <ClCompile Include="src\example\TernaryOperators.cpp">
      <Filter>Source Files</Filter>
    </ClCompile>
    <ClCompile Include="src\example\Threads.cpp">
      <Filter>Source Files</Filter>
    </ClCompile>
    <ClCompile Include="src\example\Timing.cpp">
      <Filter>Source Files</Filter>
    </ClCompile>
    <ClCompile Include="src\example\TypePunning.cpp">
      <Filter>Source Files</Filter>
    </ClCompile>
    <ClCompile Include="src\example\Unions.cpp">
      <Filter>Source Files</Filter>
    </ClCompile>
    <ClCompile Include="src\example\Vectors.cpp">
      <Filter>Source Files</Filter>
    </ClCompile>
    <ClCompile Include="src\example\VirtualDestructors.cpp">
      <Filter>Source Files</Filter>
    </ClCompile>
    <ClCompile Include="src\example\VirtualFunctions.cpp">
      <Filter>Source Files</Filter>
    </ClCompile>
    <ClCompile Include="src\example\VisualBenchmarking.cpp">
      <Filter>Source Files</Filter>
    </ClCompile>
    <ClCompile Include="src\Log.cpp">
      <Filter>Source Files</Filter>
    </ClCompile>
    <ClCompile Include="src\Main.cpp">
      <Filter>Source Files</Filter>
    </ClCompile>
    <ClCompile Include="src\Math.cpp">
      <Filter>Source Files</Filter>
    </ClCompile>
    <ClCompile Include="src\Print.c">
      <Filter>Source Files</Filter>
    </ClCompile>
    <ClCompile Include="src\example\Maps.cpp">
      <Filter>Source Files</Filter>
    </ClCompile>
  </ItemGroup>
  <ItemGroup>
    <ClInclude Include="src\header\EndBrace.h">
      <Filter>Header Files</Filter>
    </ClInclude>
    <ClInclude Include="src\header\Headers.h">
      <Filter>Header Files</Filter>
    </ClInclude>
    <ClInclude Include="src\header\Log.h">
      <Filter>Header Files</Filter>
    </ClInclude>
  </ItemGroup>
</Project>